
Microsoft Visual Studio Solution File, Format Version 10.00
# Visual Studio 2008
Project("{8BC9CEB8-8B4A-11D0-8D11-00A0C91BC942}") = "NN_CPU", "NN_CPU.vcproj", "{79A2B953-FE32-46C6-A92A-83509D8B21AD}"
EndProject
Global
	GlobalSection(SolutionConfigurationPlatforms) = preSolution
		Debug|Win32 = Debug|Win32
		Release|Win32 = Release|Win32
	EndGlobalSection
	GlobalSection(ProjectConfigurationPlatforms) = postSolution
		{79A2B953-FE32-46C6-A92A-83509D8B21AD}.Debug|Win32.ActiveCfg = Debug|Win32
		{79A2B953-FE32-46C6-A92A-83509D8B21AD}.Debug|Win32.Build.0 = Debug|Win32
		{79A2B953-FE32-46C6-A92A-83509D8B21AD}.Release|Win32.ActiveCfg = Release|Win32
		{79A2B953-FE32-46C6-A92A-83509D8B21AD}.Release|Win32.Build.0 = Release|Win32
	EndGlobalSection
	GlobalSection(SolutionProperties) = preSolution
		HideSolutionNode = FALSE
	EndGlobalSection
EndGlobal
