<?xml version="1.0" encoding="UTF-8" standalone="yes" ?>
<CodeBlocks_project_file>
	<FileVersion major="1" minor="6" />
	<Project>
		<Option title="NN_CPU" />
		<Option pch_mode="2" />
		<Option compiler="msvc8" />
		<Build>
			<Target title="Debug">
				<Option output="bin\Debug\NN_CPU" prefix_auto="1" extension_auto="1" />
				<Option object_output="obj\Debug\" />
				<Option type="1" />
				<Option compiler="gcc" />
				<Compiler>
					<Add option="-g" />
					<Add directory="$(#boost.include)" />
				</Compiler>
				<Linker>
					<Add directory="$(#boost.include)" />
				</Linker>
			</Target>
			<Target title="Release">
				<Option output="bin\Release\NN_CPU" prefix_auto="1" extension_auto="1" />
				<Option object_output="obj\Release\" />
				<Option type="1" />
				<Option compiler="msvc8" />
				<Compiler>
					<Add option="-O2" />
				</Compiler>
				<Linker>
					<Add option="-s" />
				</Linker>
			</Target>
		</Build>
		<Compiler>
			<Add option="-Wall" />
			<Add option="-fexceptions" />
		</Compiler>
		<Unit filename="DNeural.cpp" />
		<Unit filename="Image.cpp" />
		<Unit filename="Image.h" />
		<Unit filename="Layer.cpp" />
		<Unit filename="Layer.h" />
		<Unit filename="MNeural.cpp" />
		<Unit filename="MNeural.h" />
		<Unit filename="Matrix.cpp" />
		<Unit filename="Matrix.h" />
		<Unit filename="Neural.cpp" />
		<Unit filename="Neural.h" />
		<Unit filename="Reader.cpp" />
		<Unit filename="Reader.h" />
		<Unit filename="TargetGen.cpp" />
		<Unit filename="TargetGen.h" />
		<Unit filename="global.h" />
		<Unit filename="main.cpp" />
		<Extensions>
			<code_completion />
			<envvars />
			<debugger />
			<lib_finder disable_auto="1" />
		</Extensions>
	</Project>
</CodeBlocks_project_file>
