
Microsoft Visual Studio Solution File, Format Version 10.00
# Visual Studio 2008
Project("{8BC9CEB8-8B4A-11D0-8D11-00A0C91BC942}") = "CUDA30", "CUDA30\CUDA30.vcproj", "{BF6CE24E-2720-40BB-A7BE-E8E56BB6448C}"
EndProject
Global
	GlobalSection(SolutionConfigurationPlatforms) = preSolution
		Debug|Win32 = Debug|Win32
		Release|Win32 = Release|Win32
	EndGlobalSection
	GlobalSection(ProjectConfigurationPlatforms) = postSolution
		{BF6CE24E-2720-40BB-A7BE-E8E56BB6448C}.Debug|Win32.ActiveCfg = Debug|Win32
		{BF6CE24E-2720-40BB-A7BE-E8E56BB6448C}.Debug|Win32.Build.0 = Debug|Win32
		{BF6CE24E-2720-40BB-A7BE-E8E56BB6448C}.Release|Win32.ActiveCfg = Release|Win32
		{BF6CE24E-2720-40BB-A7BE-E8E56BB6448C}.Release|Win32.Build.0 = Release|Win32
	EndGlobalSection
	GlobalSection(SolutionProperties) = preSolution
		HideSolutionNode = FALSE
	EndGlobalSection
EndGlobal
